github.com/sxiaoming2007/my-go-package-test v1.0.0 h1:XgRImaG/kU+1R5HFKOA6Bp0bUNHLxUpE+jHdCBUq7Rs=
github.com/sxiaoming2007/my-go-package-test v1.0.0/go.mod h1:F2GTwtpiJPnlL2e8CXfKW1HtgRJOCcT0yLbvCA630/E=
github.com/sxiaoming2007/my-go-package-test v1.0.1 h1:rNTWBJwNR2bMevGmN/ZeupiHYJKGVCho+ZksmzTmrhM=
github.com/sxiaoming2007/my-go-package-test v1.0.1/go.mod h1:F2GTwtpiJPnlL2e8CXfKW1HtgRJOCcT0yLbvCA630/E=
